
Microsoft Visual Studio Solution File, Format Version 12.00
# Visual Studio Version 17
VisualStudioVersion = 17.0.31919.166
MinimumVisualStudioVersion = 10.0.40219.1
Project("{FAE04EC0-301F-11D3-BF4B-00C04F79EFBC}") = "jornada_ejogos_api_", "jornada_ejogos_api_\jornada_ejogos_api_.csproj", "{5271BF87-7EFD-4C7C-9263-F86EC2872E12}"
EndProject
Global
	GlobalSection(SolutionConfigurationPlatforms) = preSolution
		Debug|Any CPU = Debug|Any CPU
		Release|Any CPU = Release|Any CPU
	EndGlobalSection
	GlobalSection(ProjectConfigurationPlatforms) = postSolution
		{5271BF87-7EFD-4C7C-9263-F86EC2872E12}.Debug|Any CPU.ActiveCfg = Debug|Any CPU
		{5271BF87-7EFD-4C7C-9263-F86EC2872E12}.Debug|Any CPU.Build.0 = Debug|Any CPU
		{5271BF87-7EFD-4C7C-9263-F86EC2872E12}.Release|Any CPU.ActiveCfg = Release|Any CPU
		{5271BF87-7EFD-4C7C-9263-F86EC2872E12}.Release|Any CPU.Build.0 = Release|Any CPU
	EndGlobalSection
	GlobalSection(SolutionProperties) = preSolution
		HideSolutionNode = FALSE
	EndGlobalSection
	GlobalSection(ExtensibilityGlobals) = postSolution
		SolutionGuid = {A159E4F1-CF50-457D-8DFC-7B26BC0F5F7F}
	EndGlobalSection
EndGlobal
