
Microsoft Visual Studio Solution File, Format Version 12.00
# Visual Studio Version 17
VisualStudioVersion = 17.0.31919.166
MinimumVisualStudioVersion = 10.0.40219.1
Project("{FAE04EC0-301F-11D3-BF4B-00C04F79EFBC}") = "consoleMVC", "consoleMVC\consoleMVC.csproj", "{C55299CB-1F5C-4383-A5EE-B37BA787BDD8}"
EndProject
Global
	GlobalSection(SolutionConfigurationPlatforms) = preSolution
		Debug|Any CPU = Debug|Any CPU
		Release|Any CPU = Release|Any CPU
	EndGlobalSection
	GlobalSection(ProjectConfigurationPlatforms) = postSolution
		{C55299CB-1F5C-4383-A5EE-B37BA787BDD8}.Debug|Any CPU.ActiveCfg = Debug|Any CPU
		{C55299CB-1F5C-4383-A5EE-B37BA787BDD8}.Debug|Any CPU.Build.0 = Debug|Any CPU
		{C55299CB-1F5C-4383-A5EE-B37BA787BDD8}.Release|Any CPU.ActiveCfg = Release|Any CPU
		{C55299CB-1F5C-4383-A5EE-B37BA787BDD8}.Release|Any CPU.Build.0 = Release|Any CPU
	EndGlobalSection
	GlobalSection(SolutionProperties) = preSolution
		HideSolutionNode = FALSE
	EndGlobalSection
	GlobalSection(ExtensibilityGlobals) = postSolution
		SolutionGuid = {907B2872-F567-4A7F-9B33-1AD667B86D07}
	EndGlobalSection
EndGlobal
